
Microsoft Visual Studio Solution File, Format Version 12.00
# Visual Studio Version 17
VisualStudioVersion = 17.8.34330.188
MinimumVisualStudioVersion = 10.0.40219.1
Project("{FAE04EC0-301F-11D3-BF4B-00C04F79EFBC}") = "Second", "Second\Second.csproj", "{309FBC71-3B0F-4275-B5E0-8D8A4C8AA44B}"
EndProject
Global
	GlobalSection(SolutionConfigurationPlatforms) = preSolution
		Debug|Any CPU = Debug|Any CPU
		Release|Any CPU = Release|Any CPU
	EndGlobalSection
	GlobalSection(ProjectConfigurationPlatforms) = postSolution
		{309FBC71-3B0F-4275-B5E0-8D8A4C8AA44B}.Debug|Any CPU.ActiveCfg = Debug|Any CPU
		{309FBC71-3B0F-4275-B5E0-8D8A4C8AA44B}.Debug|Any CPU.Build.0 = Debug|Any CPU
		{309FBC71-3B0F-4275-B5E0-8D8A4C8AA44B}.Release|Any CPU.ActiveCfg = Release|Any CPU
		{309FBC71-3B0F-4275-B5E0-8D8A4C8AA44B}.Release|Any CPU.Build.0 = Release|Any CPU
	EndGlobalSection
	GlobalSection(SolutionProperties) = preSolution
		HideSolutionNode = FALSE
	EndGlobalSection
	GlobalSection(ExtensibilityGlobals) = postSolution
		SolutionGuid = {11B75D54-C83D-45A7-8E39-1BAE4A3CD507}
	EndGlobalSection
EndGlobal
